
Microsoft Visual Studio Solution File, Format Version 12.00
# Visual Studio Version 17
VisualStudioVersion = 17.14.36804.6 d17.14
MinimumVisualStudioVersion = 10.0.40219.1
Project("{FAE04EC0-301F-11D3-BF4B-00C04F79EFBC}") = "ServidorTiendaDotNet", "ServidorTiendaDotNet\ServidorTiendaDotNet.csproj", "{A0D48ED0-1153-491F-9505-59FA9F22AFEC}"
EndProject
Global
	GlobalSection(SolutionConfigurationPlatforms) = preSolution
		Debug|Any CPU = Debug|Any CPU
		Release|Any CPU = Release|Any CPU
	EndGlobalSection
	GlobalSection(ProjectConfigurationPlatforms) = postSolution
		{A0D48ED0-1153-491F-9505-59FA9F22AFEC}.Debug|Any CPU.ActiveCfg = Debug|Any CPU
		{A0D48ED0-1153-491F-9505-59FA9F22AFEC}.Debug|Any CPU.Build.0 = Debug|Any CPU
		{A0D48ED0-1153-491F-9505-59FA9F22AFEC}.Release|Any CPU.ActiveCfg = Release|Any CPU
		{A0D48ED0-1153-491F-9505-59FA9F22AFEC}.Release|Any CPU.Build.0 = Release|Any CPU
	EndGlobalSection
	GlobalSection(SolutionProperties) = preSolution
		HideSolutionNode = FALSE
	EndGlobalSection
	GlobalSection(ExtensibilityGlobals) = postSolution
		SolutionGuid = {A520D94C-5E8B-4723-A204-57CD54398E46}
	EndGlobalSection
EndGlobal
