
Microsoft Visual Studio Solution File, Format Version 12.00
# Visual Studio Version 17
VisualStudioVersion = 17.14.36804.6 d17.14
MinimumVisualStudioVersion = 10.0.40219.1
Project("{FAE04EC0-301F-11D3-BF4B-00C04F79EFBC}") = "01_primeros_pasos", "01_primeros_pasos\01_primeros_pasos.csproj", "{66AFDC46-21C6-4565-B322-3228133568BF}"
EndProject
Global
	GlobalSection(SolutionConfigurationPlatforms) = preSolution
		Debug|Any CPU = Debug|Any CPU
		Release|Any CPU = Release|Any CPU
	EndGlobalSection
	GlobalSection(ProjectConfigurationPlatforms) = postSolution
		{66AFDC46-21C6-4565-B322-3228133568BF}.Debug|Any CPU.ActiveCfg = Debug|Any CPU
		{66AFDC46-21C6-4565-B322-3228133568BF}.Debug|Any CPU.Build.0 = Debug|Any CPU
		{66AFDC46-21C6-4565-B322-3228133568BF}.Release|Any CPU.ActiveCfg = Release|Any CPU
		{66AFDC46-21C6-4565-B322-3228133568BF}.Release|Any CPU.Build.0 = Release|Any CPU
	EndGlobalSection
	GlobalSection(SolutionProperties) = preSolution
		HideSolutionNode = FALSE
	EndGlobalSection
	GlobalSection(ExtensibilityGlobals) = postSolution
		SolutionGuid = {BA971747-0EAA-41A9-9FBB-2438ABB1D5E4}
	EndGlobalSection
EndGlobal
